// !$*UTF8*$!
{
	archiveVersion = 1;
	classes = {
	};
	objectVersion = 50;
	objects = {

/* Begin PBXBuildFile section */
		995E5BE126BC111A00D6B7F3 /* BreathingAppApp.swift in Sources */ = {isa = PBXBuildFile; fileRef = 995E5BE026BC111A00D6B7F3 /* BreathingAppApp.swift */; };
		995E5BE326BC111A00D6B7F3 /* ContentView.swift in Sources */ = {isa = PBXBuildFile; fileRef = 995E5BE226BC111A00D6B7F3 /* ContentView.swift */; };
		995E5BE526BC111E00D6B7F3 /* Assets.xcassets in Resources */ = {isa = PBXBuildFile; fileRef = 995E5BE426BC111E00D6B7F3 /* Assets.xcassets */; };
		995E5BE826BC111E00D6B7F3 /* Preview Assets.xcassets in Resources */ = {isa = PBXBuildFile; fileRef = 995E5BE726BC111E00D6B7F3 /* Preview Assets.xcassets */; };
		995E5BF326BC111F00D6B7F3 /* BreathingAppTests.swift in Sources */ = {isa = PBXBuildFile; fileRef = 995E5BF226BC111F00D6B7F3 /* BreathingAppTests.swift */; };
		995E5BFE26BC111F00D6B7F3 /* BreathingAppUITests.swift in Sources */ = {isa = PBXBuildFile; fileRef = 995E5BFD26BC111F00D6B7F3 /* BreathingAppUITests.swift */; };
/* End PBXBuildFile section */

/* Begin PBXContainerItemProxy section */
		995E5BEF26BC111F00D6B7F3 /* PBXContainerItemProxy */ = {
			isa = PBXContainerItemProxy;
			containerPortal = 995E5BD526BC111A00D6B7F3 /* Project object */;
			proxyType = 1;
			remoteGlobalIDString = 995E5BDC26BC111A00D6B7F3;
			remoteInfo = BreathingApp;
		};
		995E5BFA26BC111F00D6B7F3 /* PBXContainerItemProxy */ = {
			isa = PBXContainerItemProxy;
			containerPortal = 995E5BD526BC111A00D6B7F3 /* Project object */;
			proxyType = 1;
			remoteGlobalIDString = 995E5BDC26BC111A00D6B7F3;
			remoteInfo = BreathingApp;
		};
/* End PBXContainerItemProxy section */

/* Begin PBXFileReference section */
		995E5BDD26BC111A00D6B7F3 /* BreathingApp.app */ = {isa = PBXFileReference; explicitFileType = wrapper.application; includeInIndex = 0; path = BreathingApp.app; sourceTree = BUILT_PRODUCTS_DIR; };
		995E5BE026BC111A00D6B7F3 /* BreathingAppApp.swift */ = {isa = PBXFileReference; lastKnownFileType = sourcecode.swift; path = BreathingAppApp.swift; sourceTree = "<group>"; };
		995E5BE226BC111A00D6B7F3 /* ContentView.swift */ = {isa = PBXFileReference; lastKnownFileType = sourcecode.swift; path = ContentView.swift; sourceTree = "<group>"; };
		995E5BE426BC111E00D6B7F3 /* Assets.xcassets */ = {isa = PBXFileReference; lastKnownFileType = folder.assetcatalog; path = Assets.xcassets; sourceTree = "<group>"; };
		995E5BE726BC111E00D6B7F3 /* Preview Assets.xcassets */ = {isa = PBXFileReference; lastKnownFileType = folder.assetcatalog; path = "Preview Assets.xcassets"; sourceTree = "<group>"; };
		995E5BE926BC111E00D6B7F3 /* Info.plist */ = {isa = PBXFileReference; lastKnownFileType = text.plist.xml; path = Info.plist; sourceTree = "<group>"; };
		995E5BEE26BC111F00D6B7F3 /* BreathingAppTests.xctest */ = {isa = PBXFileReference; explicitFileType = wrapper.cfbundle; includeInIndex = 0; path = BreathingAppTests.xctest; sourceTree = BUILT_PRODUCTS_DIR; };
		995E5BF226BC111F00D6B7F3 /* BreathingAppTests.swift */ = {isa = PBXFileReference; lastKnownFileType = sourcecode.swift; path = BreathingAppTests.swift; sourceTree = "<group>"; };
		995E5BF426BC111F00D6B7F3 /* Info.plist */ = {isa = PBXFileReference; lastKnownFileType = text.plist.xml; path = Info.plist; sourceTree = "<group>"; };
		995E5BF926BC111F00D6B7F3 /* BreathingAppUITests.xctest */ = {isa = PBXFileReference; explicitFileType = wrapper.cfbundle; includeInIndex = 0; path = BreathingAppUITests.xctest; sourceTree = BUILT_PRODUCTS_DIR; };
		995E5BFD26BC111F00D6B7F3 /* BreathingAppUITests.swift */ = {isa = PBXFileReference; lastKnownFileType = sourcecode.swift; path = BreathingAppUITests.swift; sourceTree = "<group>"; };
		995E5BFF26BC111F00D6B7F3 /* Info.plist */ = {isa = PBXFileReference; lastKnownFileType = text.plist.xml; path = Info.plist; sourceTree = "<group>"; };
/* End PBXFileReference section */

/* Begin PBXFrameworksBuildPhase section */
		995E5BDA26BC111A00D6B7F3 /* Frameworks */ = {
			isa = PBXFrameworksBuildPhase;
			buildActionMask = 2147483647;
			files = (
			);
			runOnlyForDeploymentPostprocessing = 0;
		};
		995E5BEB26BC111F00D6B7F3 /* Frameworks */ = {
			isa = PBXFrameworksBuildPhase;
			buildActionMask = 2147483647;
			files = (
			);
			runOnlyForDeploymentPostprocessing = 0;
		};
		995E5BF626BC111F00D6B7F3 /* Frameworks */ = {
			isa = PBXFrameworksBuildPhase;
			buildActionMask = 2147483647;
			files = (
			);
			runOnlyForDeploymentPostprocessing = 0;
		};
/* End PBXFrameworksBuildPhase section */

/* Begin PBXGroup section */
		995E5BD426BC111A00D6B7F3 = {
			isa = PBXGroup;
			children = (
				995E5BDF26BC111A00D6B7F3 /* BreathingApp */,
				995E5BF126BC111F00D6B7F3 /* BreathingAppTests */,
				995E5BFC26BC111F00D6B7F3 /* BreathingAppUITests */,
				995E5BDE26BC111A00D6B7F3 /* Products */,
			);
			sourceTree = "<group>";
		};
		995E5BDE26BC111A00D6B7F3 /* Products */ = {
			isa = PBXGroup;
			children = (
				995E5BDD26BC111A00D6B7F3 /* BreathingApp.app */,
				995E5BEE26BC111F00D6B7F3 /* BreathingAppTests.xctest */,
				995E5BF926BC111F00D6B7F3 /* BreathingAppUITests.xctest */,
			);
			name = Products;
			sourceTree = "<group>";
		};
		995E5BDF26BC111A00D6B7F3 /* BreathingApp */ = {
			isa = PBXGroup;
			children = (
				995E5BE026BC111A00D6B7F3 /* BreathingAppApp.swift */,
				995E5BE226BC111A00D6B7F3 /* ContentView.swift */,
				995E5BE426BC111E00D6B7F3 /* Assets.xcassets */,
				995E5BE926BC111E00D6B7F3 /* Info.plist */,
				995E5BE626BC111E00D6B7F3 /* Preview Content */,
			);
			path = BreathingApp;
			sourceTree = "<group>";
		};
		995E5BE626BC111E00D6B7F3 /* Preview Content */ = {
			isa = PBXGroup;
			children = (
				995E5BE726BC111E00D6B7F3 /* Preview Assets.xcassets */,
			);
			path = "Preview Content";
			sourceTree = "<group>";
		};
		995E5BF126BC111F00D6B7F3 /* BreathingAppTests */ = {
			isa = PBXGroup;
			children = (
				995E5BF226BC111F00D6B7F3 /* BreathingAppTests.swift */,
				995E5BF426BC111F00D6B7F3 /* Info.plist */,
			);
			path = BreathingAppTests;
			sourceTree = "<group>";
		};
		995E5BFC26BC111F00D6B7F3 /* BreathingAppUITests */ = {
			isa = PBXGroup;
			children = (
				995E5BFD26BC111F00D6B7F3 /* BreathingAppUITests.swift */,
				995E5BFF26BC111F00D6B7F3 /* Info.plist */,
			);
			path = BreathingAppUITests;
			sourceTree = "<group>";
		};
/* End PBXGroup section */

/* Begin PBXNativeTarget section */
		995E5BDC26BC111A00D6B7F3 /* BreathingApp */ = {
			isa = PBXNativeTarget;
			buildConfigurationList = 995E5C0226BC111F00D6B7F3 /* Build configuration list for PBXNativeTarget "BreathingApp" */;
			buildPhases = (
				995E5BD926BC111A00D6B7F3 /* Sources */,
				995E5BDA26BC111A00D6B7F3 /* Frameworks */,
				995E5BDB26BC111A00D6B7F3 /* Resources */,
			);
			buildRules = (
			);
			dependencies = (
			);
			name = BreathingApp;
			productName = BreathingApp;
			productReference = 995E5BDD26BC111A00D6B7F3 /* BreathingApp.app */;
			productType = "com.apple.product-type.application";
		};
		995E5BED26BC111F00D6B7F3 /* BreathingAppTests */ = {
			isa = PBXNativeTarget;
			buildConfigurationList = 995E5C0526BC111F00D6B7F3 /* Build configuration list for PBXNativeTarget "BreathingAppTests" */;
			buildPhases = (
				995E5BEA26BC111F00D6B7F3 /* Sources */,
				995E5BEB26BC111F00D6B7F3 /* Frameworks */,
				995E5BEC26BC111F00D6B7F3 /* Resources */,
			);
			buildRules = (
			);
			dependencies = (
				995E5BF026BC111F00D6B7F3 /* PBXTargetDependency */,
			);
			name = BreathingAppTests;
			productName = BreathingAppTests;
			productReference = 995E5BEE26BC111F00D6B7F3 /* BreathingAppTests.xctest */;
			productType = "com.apple.product-type.bundle.unit-test";
		};
		995E5BF826BC111F00D6B7F3 /* BreathingAppUITests */ = {
			isa = PBXNativeTarget;
			buildConfigurationList = 995E5C0826BC111F00D6B7F3 /* Build configuration list for PBXNativeTarget "BreathingAppUITests" */;
			buildPhases = (
				995E5BF526BC111F00D6B7F3 /* Sources */,
				995E5BF626BC111F00D6B7F3 /* Frameworks */,
				995E5BF726BC111F00D6B7F3 /* Resources */,
			);
			buildRules = (
			);
			dependencies = (
				995E5BFB26BC111F00D6B7F3 /* PBXTargetDependency */,
			);
			name = BreathingAppUITests;
			productName = BreathingAppUITests;
			productReference = 995E5BF926BC111F00D6B7F3 /* BreathingAppUITests.xctest */;
			productType = "com.apple.product-type.bundle.ui-testing";
		};
/* End PBXNativeTarget section */

/* Begin PBXProject section */
		995E5BD526BC111A00D6B7F3 /* Project object */ = {
			isa = PBXProject;
			attributes = {
				LastSwiftUpdateCheck = 1250;
				LastUpgradeCheck = 1250;
				TargetAttributes = {
					995E5BDC26BC111A00D6B7F3 = {
						CreatedOnToolsVersion = 12.5.1;
					};
					995E5BED26BC111F00D6B7F3 = {
						CreatedOnToolsVersion = 12.5.1;
						TestTargetID = 995E5BDC26BC111A00D6B7F3;
					};
					995E5BF826BC111F00D6B7F3 = {
						CreatedOnToolsVersion = 12.5.1;
						TestTargetID = 995E5BDC26BC111A00D6B7F3;
					};
				};
			};
			buildConfigurationList = 995E5BD826BC111A00D6B7F3 /* Build configuration list for PBXProject "BreathingApp" */;
			compatibilityVersion = "Xcode 9.3";
			developmentRegion = en;
			hasScannedForEncodings = 0;
			knownRegions = (
				en,
				Base,
			);
			mainGroup = 995E5BD426BC111A00D6B7F3;
			productRefGroup = 995E5BDE26BC111A00D6B7F3 /* Products */;
			projectDirPath = "";
			projectRoot = "";
			targets = (
				995E5BDC26BC111A00D6B7F3 /* BreathingApp */,
				995E5BED26BC111F00D6B7F3 /* BreathingAppTests */,
				995E5BF826BC111F00D6B7F3 /* BreathingAppUITests */,
			);
		};
/* End PBXProject section */

/* Begin PBXResourcesBuildPhase section */
		995E5BDB26BC111A00D6B7F3 /* Resources */ = {
			isa = PBXResourcesBuildPhase;
			buildActionMask = 2147483647;
			files = (
				995E5BE826BC111E00D6B7F3 /* Preview Assets.xcassets in Resources */,
				995E5BE526BC111E00D6B7F3 /* Assets.xcassets in Resources */,
			);
			runOnlyForDeploymentPostprocessing = 0;
		};
		995E5BEC26BC111F00D6B7F3 /* Resources */ = {
			isa = PBXResourcesBuildPhase;
			buildActionMask = 2147483647;
			files = (
			);
			runOnlyForDeploymentPostprocessing = 0;
		};
		995E5BF726BC111F00D6B7F3 /* Resources */ = {
			isa = PBXResourcesBuildPhase;
			buildActionMask = 2147483647;
			files = (
			);
			runOnlyForDeploymentPostprocessing = 0;
		};
/* End PBXResourcesBuildPhase section */

/* Begin PBXSourcesBuildPhase section */
		995E5BD926BC111A00D6B7F3 /* Sources */ = {
			isa = PBXSourcesBuildPhase;
			buildActionMask = 2147483647;
			files = (
				995E5BE326BC111A00D6B7F3 /* ContentView.swift in Sources */,
				995E5BE126BC111A00D6B7F3 /* BreathingAppApp.swift in Sources */,
			);
			runOnlyForDeploymentPostprocessing = 0;
		};
		995E5BEA26BC111F00D6B7F3 /* Sources */ = {
			isa = PBXSourcesBuildPhase;
			buildActionMask = 2147483647;
			files = (
				995E5BF326BC111F00D6B7F3 /* BreathingAppTests.swift in Sources */,
			);
			runOnlyForDeploymentPostprocessing = 0;
		};
		995E5BF526BC111F00D6B7F3 /* Sources */ = {
			isa = PBXSourcesBuildPhase;
			buildActionMask = 2147483647;
			files = (
				995E5BFE26BC111F00D6B7F3 /* BreathingAppUITests.swift in Sources */,
			);
			runOnlyForDeploymentPostprocessing = 0;
		};
/* End PBXSourcesBuildPhase section */

/* Begin PBXTargetDependency section */
		995E5BF026BC111F00D6B7F3 /* PBXTargetDependency */ = {
			isa = PBXTargetDependency;
			target = 995E5BDC26BC111A00D6B7F3 /* BreathingApp */;
			targetProxy = 995E5BEF26BC111F00D6B7F3 /* PBXContainerItemProxy */;
		};
		995E5BFB26BC111F00D6B7F3 /* PBXTargetDependency */ = {
			isa = PBXTargetDependency;
			target = 995E5BDC26BC111A00D6B7F3 /* BreathingApp */;
			targetProxy = 995E5BFA26BC111F00D6B7F3 /* PBXContainerItemProxy */;
		};
/* End PBXTargetDependency section */

/* Begin XCBuildConfiguration section */
		995E5C0026BC111F00D6B7F3 /* Debug */ = {
			isa = XCBuildConfiguration;
			buildSettings = {
				ALWAYS_SEARCH_USER_PATHS = NO;
				CLANG_ANALYZER_NONNULL = YES;
				CLANG_ANALYZER_NUMBER_OBJECT_CONVERSION = YES_AGGRESSIVE;
				CLANG_CXX_LANGUAGE_STANDARD = "gnu++14";
				CLANG_CXX_LIBRARY = "libc++";
				CLANG_ENABLE_MODULES = YES;
				CLANG_ENABLE_OBJC_ARC = YES;
				CLANG_ENABLE_OBJC_WEAK = YES;
				CLANG_WARN_BLOCK_CAPTURE_AUTORELEASING = YES;
				CLANG_WARN_BOOL_CONVERSION = YES;
				CLANG_WARN_COMMA = YES;
				CLANG_WARN_CONSTANT_CONVERSION = YES;
				CLANG_WARN_DEPRECATED_OBJC_IMPLEMENTATIONS = YES;
				CLANG_WARN_DIRECT_OBJC_ISA_USAGE = YES_ERROR;
				CLANG_WARN_DOCUMENTATION_COMMENTS = YES;
				CLANG_WARN_EMPTY_BODY = YES;
				CLANG_WARN_ENUM_CONVERSION = YES;
				CLANG_WARN_INFINITE_RECURSION = YES;
				CLANG_WARN_INT_CONVERSION = YES;
				CLANG_WARN_NON_LITERAL_NULL_CONVERSION = YES;
				CLANG_WARN_OBJC_IMPLICIT_RETAIN_SELF = YES;
				CLANG_WARN_OBJC_LITERAL_CONVERSION = YES;
				CLANG_WARN_OBJC_ROOT_CLASS = YES_ERROR;
				CLANG_WARN_QUOTED_INCLUDE_IN_FRAMEWORK_HEADER = YES;
				CLANG_WARN_RANGE_LOOP_ANALYSIS = YES;
				CLANG_WARN_STRICT_PROTOTYPES = YES;
				CLANG_WARN_SUSPICIOUS_MOVE = YES;
				CLANG_WARN_UNGUARDED_AVAILABILITY = YES_AGGRESSIVE;
				CLANG_WARN_UNREACHABLE_CODE = YES;
				CLANG_WARN__DUPLICATE_METHOD_MATCH = YES;
				COPY_PHASE_STRIP = NO;
				DEBUG_INFORMATION_FORMAT = dwarf;
				ENABLE_STRICT_OBJC_MSGSEND = YES;
				ENABLE_TESTABILITY = YES;
				GCC_C_LANGUAGE_STANDARD = gnu11;
				GCC_DYNAMIC_NO_PIC = NO;
				GCC_NO_COMMON_BLOCKS = YES;
				GCC_OPTIMIZATION_LEVEL = 0;
				GCC_PREPROCESSOR_DEFINITIONS = (
					"DEBUG=1",
					"$(inherited)",
				);
				GCC_WARN_64_TO_32_BIT_CONVERSION = YES;
				GCC_WARN_ABOUT_RETURN_TYPE = YES_ERROR;
				GCC_WARN_UNDECLARED_SELECTOR = YES;
				GCC_WARN_UNINITIALIZED_AUTOS = YES_AGGRESSIVE;
				GCC_WARN_UNUSED_FUNCTION = YES;
				GCC_WARN_UNUSED_VARIABLE = YES;
				IPHONEOS_DEPLOYMENT_TARGET = 14.5;
				MTL_ENABLE_DEBUG_INFO = INCLUDE_SOURCE;
				MTL_FAST_MATH = YES;
				ONLY_ACTIVE_ARCH = YES;
				SDKROOT = iphoneos;
				SWIFT_ACTIVE_COMPILATION_CONDITIONS = DEBUG;
				SWIFT_OPTIMIZATION_LEVEL = "-Onone";
			};
			name = Debug;
		};
		995E5C0126BC111F00D6B7F3 /* Release */ = {
			isa = XCBuildConfiguration;
			buildSettings = {
				ALWAYS_SEARCH_USER_PATHS = NO;
				CLANG_ANALYZER_NONNULL = YES;
				CLANG_ANALYZER_NUMBER_OBJECT_CONVERSION = YES_AGGRESSIVE;
				CLANG_CXX_LANGUAGE_STANDARD = "gnu++14";
				CLANG_CXX_LIBRARY = "libc++";
				CLANG_ENABLE_MODULES = YES;
				CLANG_ENABLE_OBJC_ARC = YES;
				CLANG_ENABLE_OBJC_WEAK = YES;
				CLANG_WARN_BLOCK_CAPTURE_AUTORELEASING = YES;
				CLANG_WARN_BOOL_CONVERSION = YES;
				CLANG_WARN_COMMA = YES;
				CLANG_WARN_CONSTANT_CONVERSION = YES;
				CLANG_WARN_DEPRECATED_OBJC_IMPLEMENTATIONS = YES;
				CLANG_WARN_DIRECT_OBJC_ISA_USAGE = YES_ERROR;
				CLANG_WARN_DOCUMENTATION_COMMENTS = YES;
				CLANG_WARN_EMPTY_BODY = YES;
				CLANG_WARN_ENUM_CONVERSION = YES;
				CLANG_WARN_INFINITE_RECURSION = YES;
				CLANG_WARN_INT_CONVERSION = YES;
				CLANG_WARN_NON_LITERAL_NULL_CONVERSION = YES;
				CLANG_WARN_OBJC_IMPLICIT_RETAIN_SELF = YES;
				CLANG_WARN_OBJC_LITERAL_CONVERSION = YES;
				CLANG_WARN_OBJC_ROOT_CLASS = YES_ERROR;
				CLANG_WARN_QUOTED_INCLUDE_IN_FRAMEWORK_HEADER = YES;
				CLANG_WARN_RANGE_LOOP_ANALYSIS = YES;
				CLANG_WARN_STRICT_PROTOTYPES = YES;
				CLANG_WARN_SUSPICIOUS_MOVE = YES;
				CLANG_WARN_UNGUARDED_AVAILABILITY = YES_AGGRESSIVE;
				CLANG_WARN_UNREACHABLE_CODE = YES;
				CLANG_WARN__DUPLICATE_METHOD_MATCH = YES;
				COPY_PHASE_STRIP = NO;
				DEBUG_INFORMATION_FORMAT = "dwarf-with-dsym";
				ENABLE_NS_ASSERTIONS = NO;
				ENABLE_STRICT_OBJC_MSGSEND = YES;
				GCC_C_LANGUAGE_STANDARD = gnu11;
				GCC_NO_COMMON_BLOCKS = YES;
				GCC_WARN_64_TO_32_BIT_CONVERSION = YES;
				GCC_WARN_ABOUT_RETURN_TYPE = YES_ERROR;
				GCC_WARN_UNDECLARED_SELECTOR = YES;
				GCC_WARN_UNINITIALIZED_AUTOS = YES_AGGRESSIVE;
				GCC_WARN_UNUSED_FUNCTION = YES;
				GCC_WARN_UNUSED_VARIABLE = YES;
				IPHONEOS_DEPLOYMENT_TARGET = 14.5;
				MTL_ENABLE_DEBUG_INFO = NO;
				MTL_FAST_MATH = YES;
				SDKROOT = iphoneos;
				SWIFT_COMPILATION_MODE = wholemodule;
				SWIFT_OPTIMIZATION_LEVEL = "-O";
				VALIDATE_PRODUCT = YES;
			};
			name = Release;
		};
		995E5C0326BC111F00D6B7F3 /* Debug */ = {
			isa = XCBuildConfiguration;
			buildSettings = {
				ASSETCATALOG_COMPILER_APPICON_NAME = AppIcon;
				ASSETCATALOG_COMPILER_GLOBAL_ACCENT_COLOR_NAME = AccentColor;
				CODE_SIGN_STYLE = Automatic;
				DEVELOPMENT_ASSET_PATHS = "\"BreathingApp/Preview Content\"";
				DEVELOPMENT_TEAM = 7YG658J6X3;
				ENABLE_PREVIEWS = YES;
				INFOPLIST_FILE = BreathingApp/Info.plist;
				IPHONEOS_DEPLOYMENT_TARGET = 14.0;
				LD_RUNPATH_SEARCH_PATHS = (
					"$(inherited)",
					"@executable_path/Frameworks",
				);
				PRODUCT_BUNDLE_IDENTIFIER = test.BreathingApp;
				PRODUCT_NAME = "$(TARGET_NAME)";
				SWIFT_VERSION = 5.0;
				TARGETED_DEVICE_FAMILY = "1,2";
			};
			name = Debug;
		};
		995E5C0426BC111F00D6B7F3 /* Release */ = {
			isa = XCBuildConfiguration;
			buildSettings = {
				ASSETCATALOG_COMPILER_APPICON_NAME = AppIcon;
				ASSETCATALOG_COMPILER_GLOBAL_ACCENT_COLOR_NAME = AccentColor;
				CODE_SIGN_STYLE = Automatic;
				DEVELOPMENT_ASSET_PATHS = "\"BreathingApp/Preview Content\"";
				DEVELOPMENT_TEAM = 7YG658J6X3;
				ENABLE_PREVIEWS = YES;
				INFOPLIST_FILE = BreathingApp/Info.plist;
				IPHONEOS_DEPLOYMENT_TARGET = 14.0;
				LD_RUNPATH_SEARCH_PATHS = (
					"$(inherited)",
					"@executable_path/Frameworks",
				);
				PRODUCT_BUNDLE_IDENTIFIER = test.BreathingApp;
				PRODUCT_NAME = "$(TARGET_NAME)";
				SWIFT_VERSION = 5.0;
				TARGETED_DEVICE_FAMILY = "1,2";
			};
			name = Release;
		};
		995E5C0626BC111F00D6B7F3 /* Debug */ = {
			isa = XCBuildConfiguration;
			buildSettings = {
				ALWAYS_EMBED_SWIFT_STANDARD_LIBRARIES = YES;
				BUNDLE_LOADER = "$(TEST_HOST)";
				CODE_SIGN_STYLE = Automatic;
				DEVELOPMENT_TEAM = 7YG658J6X3;
				INFOPLIST_FILE = BreathingAppTests/Info.plist;
				IPHONEOS_DEPLOYMENT_TARGET = 14.0;
				LD_RUNPATH_SEARCH_PATHS = (
					"$(inherited)",
					"@executable_path/Frameworks",
					"@loader_path/Frameworks",
				);
				PRODUCT_BUNDLE_IDENTIFIER = test.BreathingAppTests;
				PRODUCT_NAME = "$(TARGET_NAME)";
				SWIFT_VERSION = 5.0;
				TARGETED_DEVICE_FAMILY = "1,2";
				TEST_HOST = "$(BUILT_PRODUCTS_DIR)/BreathingApp.app/BreathingApp";
			};
			name = Debug;
		};
		995E5C0726BC111F00D6B7F3 /* Release */ = {
			isa = XCBuildConfiguration;
			buildSettings = {
				ALWAYS_EMBED_SWIFT_STANDARD_LIBRARIES = YES;
				BUNDLE_LOADER = "$(TEST_HOST)";
				CODE_SIGN_STYLE = Automatic;
				DEVELOPMENT_TEAM = 7YG658J6X3;
				INFOPLIST_FILE = BreathingAppTests/Info.plist;
				IPHONEOS_DEPLOYMENT_TARGET = 14.0;
				LD_RUNPATH_SEARCH_PATHS = (
					"$(inherited)",
					"@executable_path/Frameworks",
					"@loader_path/Frameworks",
				);
				PRODUCT_BUNDLE_IDENTIFIER = test.BreathingAppTests;
				PRODUCT_NAME = "$(TARGET_NAME)";
				SWIFT_VERSION = 5.0;
				TARGETED_DEVICE_FAMILY = "1,2";
				TEST_HOST = "$(BUILT_PRODUCTS_DIR)/BreathingApp.app/BreathingApp";
			};
			name = Release;
		};
		995E5C0926BC111F00D6B7F3 /* Debug */ = {
			isa = XCBuildConfiguration;
			buildSettings = {
				ALWAYS_EMBED_SWIFT_STANDARD_LIBRARIES = YES;
				CODE_SIGN_STYLE = Automatic;
				DEVELOPMENT_TEAM = 7YG658J6X3;
				INFOPLIST_FILE = BreathingAppUITests/Info.plist;
				LD_RUNPATH_SEARCH_PATHS = (
					"$(inherited)",
					"@executable_path/Frameworks",
					"@loader_path/Frameworks",
				);
				PRODUCT_BUNDLE_IDENTIFIER = test.BreathingAppUITests;
				PRODUCT_NAME = "$(TARGET_NAME)";
				SWIFT_VERSION = 5.0;
				TARGETED_DEVICE_FAMILY = "1,2";
				TEST_TARGET_NAME = BreathingApp;
			};
			name = Debug;
		};
		995E5C0A26BC111F00D6B7F3 /* Release */ = {
			isa = XCBuildConfiguration;
			buildSettings = {
				ALWAYS_EMBED_SWIFT_STANDARD_LIBRARIES = YES;
				CODE_SIGN_STYLE = Automatic;
				DEVELOPMENT_TEAM = 7YG658J6X3;
				INFOPLIST_FILE = BreathingAppUITests/Info.plist;
				LD_RUNPATH_SEARCH_PATHS = (
					"$(inherited)",
					"@executable_path/Frameworks",
					"@loader_path/Frameworks",
				);
				PRODUCT_BUNDLE_IDENTIFIER = test.BreathingAppUITests;
				PRODUCT_NAME = "$(TARGET_NAME)";
				SWIFT_VERSION = 5.0;
				TARGETED_DEVICE_FAMILY = "1,2";
				TEST_TARGET_NAME = BreathingApp;
			};
			name = Release;
		};
/* End XCBuildConfiguration section */

/* Begin XCConfigurationList section */
		995E5BD826BC111A00D6B7F3 /* Build configuration list for PBXProject "BreathingApp" */ = {
			isa = XCConfigurationList;
			buildConfigurations = (
				995E5C0026BC111F00D6B7F3 /* Debug */,
				995E5C0126BC111F00D6B7F3 /* Release */,
			);
			defaultConfigurationIsVisible = 0;
			defaultConfigurationName = Release;
		};
		995E5C0226BC111F00D6B7F3 /* Build configuration list for PBXNativeTarget "BreathingApp" */ = {
			isa = XCConfigurationList;
			buildConfigurations = (
				995E5C0326BC111F00D6B7F3 /* Debug */,
				995E5C0426BC111F00D6B7F3 /* Release */,
			);
			defaultConfigurationIsVisible = 0;
			defaultConfigurationName = Release;
		};
		995E5C0526BC111F00D6B7F3 /* Build configuration list for PBXNativeTarget "BreathingAppTests" */ = {
			isa = XCConfigurationList;
			buildConfigurations = (
				995E5C0626BC111F00D6B7F3 /* Debug */,
				995E5C0726BC111F00D6B7F3 /* Release */,
			);
			defaultConfigurationIsVisible = 0;
			defaultConfigurationName = Release;
		};
		995E5C0826BC111F00D6B7F3 /* Build configuration list for PBXNativeTarget "BreathingAppUITests" */ = {
			isa = XCConfigurationList;
			buildConfigurations = (
				995E5C0926BC111F00D6B7F3 /* Debug */,
				995E5C0A26BC111F00D6B7F3 /* Release */,
			);
			defaultConfigurationIsVisible = 0;
			defaultConfigurationName = Release;
		};
/* End XCConfigurationList section */
	};
	rootObject = 995E5BD526BC111A00D6B7F3 /* Project object */;
}
